
Microsoft Visual Studio Solution File, Format Version 12.00
# Visual Studio 15
VisualStudioVersion = 15.0.26403.3
MinimumVisualStudioVersion = 10.0.40219.1
Project("{FAE04EC0-301F-11D3-BF4B-00C04F79EFBC}") = "WPF_Group_Project", "WPF_Group_Project\WPF_Group_Project.csproj", "{F051F754-D9CE-47C8-A599-38E5FB6A28EF}"
EndProject
Global
	GlobalSection(SolutionConfigurationPlatforms) = preSolution
		Debug|Any CPU = Debug|Any CPU
		Release|Any CPU = Release|Any CPU
	EndGlobalSection
	GlobalSection(ProjectConfigurationPlatforms) = postSolution
		{F051F754-D9CE-47C8-A599-38E5FB6A28EF}.Debug|Any CPU.ActiveCfg = Debug|Any CPU
		{F051F754-D9CE-47C8-A599-38E5FB6A28EF}.Debug|Any CPU.Build.0 = Debug|Any CPU
		{F051F754-D9CE-47C8-A599-38E5FB6A28EF}.Release|Any CPU.ActiveCfg = Release|Any CPU
		{F051F754-D9CE-47C8-A599-38E5FB6A28EF}.Release|Any CPU.Build.0 = Release|Any CPU
	EndGlobalSection
	GlobalSection(SolutionProperties) = preSolution
		HideSolutionNode = FALSE
	EndGlobalSection
EndGlobal
